
Microsoft Visual Studio Solution File, Format Version 12.00
# Visual Studio Version 16
VisualStudioVersion = 16.0.30225.117
MinimumVisualStudioVersion = 10.0.40219.1
Project("{9A19103F-16F7-4668-BE54-9A1E7A4F7556}") = "ProdUI", "ProdUI\ProdUI.csproj", "{DDB2EBEA-2E1C-40F2-814A-920C8C17AEBF}"
EndProject
Project("{9A19103F-16F7-4668-BE54-9A1E7A4F7556}") = "ProdData", "ProdData\ProdData.csproj", "{60BCA4A1-C45A-41BB-A258-FCDC66D31DB0}"
EndProject
Project("{9A19103F-16F7-4668-BE54-9A1E7A4F7556}") = "ProdTestGenerator", "ProdTestGenerator\ProdTestGenerator.csproj", "{B43081F5-A965-4EA3-9973-707CA2E7EEB0}"
EndProject
Project("{9A19103F-16F7-4668-BE54-9A1E7A4F7556}") = "ProdCore", "ProdCore\ProdCore.csproj", "{18539E67-F175-4571-8E75-D84811CE8703}"
EndProject
Project("{9A19103F-16F7-4668-BE54-9A1E7A4F7556}") = "ProdProgramSelect", "ProdProgramSelect\ProdProgramSelect.csproj", "{2191D4F3-D6B5-4499-B577-60D65BD29A61}"
EndProject
Project("{2150E333-8FDC-42A3-9474-1A3956D46DE8}") = "_internal", "_internal", "{E9BD985A-27D9-4EA5-B0A2-37840A8EA806}"
	ProjectSection(SolutionItems) = preProject
		cleanup.bat = cleanup.bat
	EndProjectSection
EndProject
Global
	GlobalSection(SolutionConfigurationPlatforms) = preSolution
		Debug|Any CPU = Debug|Any CPU
		Release|Any CPU = Release|Any CPU
	EndGlobalSection
	GlobalSection(ProjectConfigurationPlatforms) = postSolution
		{DDB2EBEA-2E1C-40F2-814A-920C8C17AEBF}.Debug|Any CPU.ActiveCfg = Debug|Any CPU
		{DDB2EBEA-2E1C-40F2-814A-920C8C17AEBF}.Debug|Any CPU.Build.0 = Debug|Any CPU
		{DDB2EBEA-2E1C-40F2-814A-920C8C17AEBF}.Release|Any CPU.ActiveCfg = Release|Any CPU
		{DDB2EBEA-2E1C-40F2-814A-920C8C17AEBF}.Release|Any CPU.Build.0 = Release|Any CPU
		{60BCA4A1-C45A-41BB-A258-FCDC66D31DB0}.Debug|Any CPU.ActiveCfg = Debug|Any CPU
		{60BCA4A1-C45A-41BB-A258-FCDC66D31DB0}.Debug|Any CPU.Build.0 = Debug|Any CPU
		{60BCA4A1-C45A-41BB-A258-FCDC66D31DB0}.Release|Any CPU.ActiveCfg = Release|Any CPU
		{60BCA4A1-C45A-41BB-A258-FCDC66D31DB0}.Release|Any CPU.Build.0 = Release|Any CPU
		{B43081F5-A965-4EA3-9973-707CA2E7EEB0}.Debug|Any CPU.ActiveCfg = Debug|Any CPU
		{B43081F5-A965-4EA3-9973-707CA2E7EEB0}.Debug|Any CPU.Build.0 = Debug|Any CPU
		{B43081F5-A965-4EA3-9973-707CA2E7EEB0}.Release|Any CPU.ActiveCfg = Release|Any CPU
		{B43081F5-A965-4EA3-9973-707CA2E7EEB0}.Release|Any CPU.Build.0 = Release|Any CPU
		{18539E67-F175-4571-8E75-D84811CE8703}.Debug|Any CPU.ActiveCfg = Debug|Any CPU
		{18539E67-F175-4571-8E75-D84811CE8703}.Debug|Any CPU.Build.0 = Debug|Any CPU
		{18539E67-F175-4571-8E75-D84811CE8703}.Release|Any CPU.ActiveCfg = Release|Any CPU
		{18539E67-F175-4571-8E75-D84811CE8703}.Release|Any CPU.Build.0 = Release|Any CPU
		{2191D4F3-D6B5-4499-B577-60D65BD29A61}.Debug|Any CPU.ActiveCfg = Debug|Any CPU
		{2191D4F3-D6B5-4499-B577-60D65BD29A61}.Debug|Any CPU.Build.0 = Debug|Any CPU
		{2191D4F3-D6B5-4499-B577-60D65BD29A61}.Release|Any CPU.ActiveCfg = Release|Any CPU
		{2191D4F3-D6B5-4499-B577-60D65BD29A61}.Release|Any CPU.Build.0 = Release|Any CPU
	EndGlobalSection
	GlobalSection(SolutionProperties) = preSolution
		HideSolutionNode = FALSE
	EndGlobalSection
	GlobalSection(ExtensibilityGlobals) = postSolution
		SolutionGuid = {FACC57C5-F300-409F-9137-A4FA2C6BC47F}
	EndGlobalSection
EndGlobal
